
Microsoft Visual Studio Solution File, Format Version 12.00
# Visual Studio Version 17
VisualStudioVersion = 17.11.35303.130
MinimumVisualStudioVersion = 10.0.40219.1
Project("{FAE04EC0-301F-11D3-BF4B-00C04F79EFBC}") = "Tirar la cuerda", "Tirar la cuerda\Tirar la cuerda.csproj", "{923CAFC5-D8FB-43C2-85EB-BB537BE7FC16}"
EndProject
Project("{FAE04EC0-301F-11D3-BF4B-00C04F79EFBC}") = "Tirar la cuerda.Client", "Tirar la cuerda.Client\Tirar la cuerda.Client.csproj", "{D375857C-EC43-437C-BEBB-DE0124808A82}"
EndProject
Project("{2150E333-8FDC-42A3-9474-1A3956D46DE8}") = "Texto", "Texto", "{38DEBE58-0E0B-4B65-AFA1-20455B9C9426}"
	ProjectSection(SolutionItems) = preProject
		Archivo.txt = Archivo.txt
	EndProjectSection
EndProject
Project("{FAE04EC0-301F-11D3-BF4B-00C04F79EFBC}") = "Maui", "Maui\Maui.csproj", "{04FE8737-DEF3-4E46-9001-2252BFEA6F73}"
EndProject
Project("{FAE04EC0-301F-11D3-BF4B-00C04F79EFBC}") = "Ent", "Ent\Ent.csproj", "{A405A06B-98B9-454A-A67F-703C9ED83AAD}"
EndProject
Global
	GlobalSection(SolutionConfigurationPlatforms) = preSolution
		Debug|Any CPU = Debug|Any CPU
		Release|Any CPU = Release|Any CPU
	EndGlobalSection
	GlobalSection(ProjectConfigurationPlatforms) = postSolution
		{923CAFC5-D8FB-43C2-85EB-BB537BE7FC16}.Debug|Any CPU.ActiveCfg = Debug|Any CPU
		{923CAFC5-D8FB-43C2-85EB-BB537BE7FC16}.Debug|Any CPU.Build.0 = Debug|Any CPU
		{923CAFC5-D8FB-43C2-85EB-BB537BE7FC16}.Release|Any CPU.ActiveCfg = Release|Any CPU
		{923CAFC5-D8FB-43C2-85EB-BB537BE7FC16}.Release|Any CPU.Build.0 = Release|Any CPU
		{D375857C-EC43-437C-BEBB-DE0124808A82}.Debug|Any CPU.ActiveCfg = Debug|Any CPU
		{D375857C-EC43-437C-BEBB-DE0124808A82}.Debug|Any CPU.Build.0 = Debug|Any CPU
		{D375857C-EC43-437C-BEBB-DE0124808A82}.Release|Any CPU.ActiveCfg = Release|Any CPU
		{D375857C-EC43-437C-BEBB-DE0124808A82}.Release|Any CPU.Build.0 = Release|Any CPU
		{04FE8737-DEF3-4E46-9001-2252BFEA6F73}.Debug|Any CPU.ActiveCfg = Debug|Any CPU
		{04FE8737-DEF3-4E46-9001-2252BFEA6F73}.Debug|Any CPU.Build.0 = Debug|Any CPU
		{04FE8737-DEF3-4E46-9001-2252BFEA6F73}.Debug|Any CPU.Deploy.0 = Debug|Any CPU
		{04FE8737-DEF3-4E46-9001-2252BFEA6F73}.Release|Any CPU.ActiveCfg = Release|Any CPU
		{04FE8737-DEF3-4E46-9001-2252BFEA6F73}.Release|Any CPU.Build.0 = Release|Any CPU
		{04FE8737-DEF3-4E46-9001-2252BFEA6F73}.Release|Any CPU.Deploy.0 = Release|Any CPU
		{A405A06B-98B9-454A-A67F-703C9ED83AAD}.Debug|Any CPU.ActiveCfg = Debug|Any CPU
		{A405A06B-98B9-454A-A67F-703C9ED83AAD}.Debug|Any CPU.Build.0 = Debug|Any CPU
		{A405A06B-98B9-454A-A67F-703C9ED83AAD}.Release|Any CPU.ActiveCfg = Release|Any CPU
		{A405A06B-98B9-454A-A67F-703C9ED83AAD}.Release|Any CPU.Build.0 = Release|Any CPU
	EndGlobalSection
	GlobalSection(SolutionProperties) = preSolution
		HideSolutionNode = FALSE
	EndGlobalSection
	GlobalSection(ExtensibilityGlobals) = postSolution
		SolutionGuid = {F2DDEB4E-CCFB-44B4-9BC9-8FCA567730FB}
	EndGlobalSection
EndGlobal
